# THIS IS AN AUTOGENERATED FILE. DO NOT EDIT THIS FILE DIRECTLY.
# yarn lockfile v1


"@react-spring/animated@~9.6.0":
  version "9.6.0"
  resolved "https://registry.yarnpkg.com/@react-spring/animated/-/animated-9.6.0.tgz#3ac531d82e35e4ad205456f9fe9464e2bbcb1c5f"
  integrity sha512-YFBLQ3bnGlUaWA9eVcZ7K1nfgVSF30XPfwqag5hlswYcMi7C5zVriFqN4oxRyDAFHfmNpPfFCRHmgP52L3GF1A==
  dependencies:
    "@react-spring/shared" "~9.6.0"
    "@react-spring/types" "~9.6.0"

"@react-spring/core@~9.6.0":
  version "9.6.0"
  resolved "https://registry.yarnpkg.com/@react-spring/core/-/core-9.6.0.tgz#081c44e4005c52e7e6957ba151a697709cc0b05a"
  integrity sha512-CCU6MOp6Hk29qFhC+8/Hty5Rh8b4TcHvLjFX1GP9i2iXvw77WayRyy+Wi+KCt+RD+xXO2fi9bNWcloOHPHJp/g==
  dependencies:
    "@react-spring/animated" "~9.6.0"
    "@react-spring/rafz" "~9.6.0"
    "@react-spring/shared" "~9.6.0"
    "@react-spring/types" "~9.6.0"

"@react-spring/konva@~9.6.0":
  version "9.6.0"
  resolved "https://registry.yarnpkg.com/@react-spring/konva/-/konva-9.6.0.tgz#cb589061f04c5ca1982232bfefb516449980b7fa"
  integrity sha512-lRSF+2YQYeRH0RTZMV/ytcoXF7lDwn5BaY9oAXpLNtITpmlvDJrMQ3LgMrppywaujShF4F6ImZQB5dDlUX9CnQ==
  dependencies:
    "@react-spring/animated" "~9.6.0"
    "@react-spring/core" "~9.6.0"
    "@react-spring/shared" "~9.6.0"
    "@react-spring/types" "~9.6.0"

"@react-spring/native@~9.6.0":
  version "9.6.0"
  resolved "https://registry.yarnpkg.com/@react-spring/native/-/native-9.6.0.tgz#8673355aaa26c94dd0347fde2cc72479daa4023e"
  integrity sha512-medVvnMkJ7GvQP4UfodiemOoNvyMIriGt9XMX0UfYDFjD/WEXBk63G/StI/hwCARRYnFdvgN1DT0Ywlv1JqJYQ==
  dependencies:
    "@react-spring/animated" "~9.6.0"
    "@react-spring/core" "~9.6.0"
    "@react-spring/shared" "~9.6.0"
    "@react-spring/types" "~9.6.0"

"@react-spring/rafz@~9.6.0":
  version "9.6.0"
  resolved "https://registry.yarnpkg.com/@react-spring/rafz/-/rafz-9.6.0.tgz#8c46fff30157159775eb9007094dae3400390728"
  integrity sha512-Vw8IwWXWEMszef8V/yemSR8YZe4cbX84JrMMuW+UE5Ha1/mOCznlFU59fKJxQQA/UJlfY70K9oZ+aboFgWWk0g==

"@react-spring/shared@~9.6.0":
  version "9.6.0"
  resolved "https://registry.yarnpkg.com/@react-spring/shared/-/shared-9.6.0.tgz#4ccdf911d64dacb409c5f292de65fdb8ad41508f"
  integrity sha512-Kama7SJiAajZsjfTJAxLDndxeYr0Qin6Ust9Wn/gRCVC1maXJ79Su0gsQYapSA0+Nmkxdi+RiXJUDmGX6LMuuw==
  dependencies:
    "@react-spring/rafz" "~9.6.0"
    "@react-spring/types" "~9.6.0"

"@react-spring/three@~9.6.0":
  version "9.6.0"
  resolved "https://registry.yarnpkg.com/@react-spring/three/-/three-9.6.0.tgz#4700c6621d710079278f5f0284fab1a547e6d743"
  integrity sha512-7JCx7uvJyKFHs9XnRXmAlf1VCjwDiEoiNnCpjpZiOOC8AukTRNHeFNsqwa9WKpEBNciHxAivAxxzSVh6JkBk0g==
  dependencies:
    "@react-spring/animated" "~9.6.0"
    "@react-spring/core" "~9.6.0"
    "@react-spring/shared" "~9.6.0"
    "@react-spring/types" "~9.6.0"

"@react-spring/types@~9.6.0":
  version "9.6.0"
  resolved "https://registry.yarnpkg.com/@react-spring/types/-/types-9.6.0.tgz#9ba7061fef88ffa872b7898fcf008ffb29a51d90"
  integrity sha512-XOWupgf+/rMhQTiIxZzjVRw+4ZNkXcO5tuha3pOBNK88a7LPGjM6imdS1aQ2kl3y1sBy0f9JrclNShfASbkvTw==

"@react-spring/web@~9.6.0":
  version "9.6.0"
  resolved "https://registry.yarnpkg.com/@react-spring/web/-/web-9.6.0.tgz#81fcdc1dc6efe6caedf2ef7f706bd18500e7b582"
  integrity sha512-ztdkBmRZB020MEPEU8gXlbkE6858/IdA2P37RvcjOHq4tEpIizrsh/XTipU+T5iyrbT6UQLnh4JnIWow4jfOmg==
  dependencies:
    "@react-spring/animated" "~9.6.0"
    "@react-spring/core" "~9.6.0"
    "@react-spring/shared" "~9.6.0"
    "@react-spring/types" "~9.6.0"

"@react-spring/zdog@~9.6.0":
  version "9.6.0"
  resolved "https://registry.yarnpkg.com/@react-spring/zdog/-/zdog-9.6.0.tgz#130d540a22cc33c809061321dc967e670b5d5e5f"
  integrity sha512-YUOnOqVR9PY5vAxIhT4b/P0d+WT4Ze76o9bydsadHx3o3vO9yVl9FiImOUUY9iDCwvfcj31FoUVW0CosdHA4EQ==
  dependencies:
    "@react-spring/animated" "~9.6.0"
    "@react-spring/core" "~9.6.0"
    "@react-spring/shared" "~9.6.0"
    "@react-spring/types" "~9.6.0"

react-spring@^9.0.0-rc.3:
  version "9.6.0"
  resolved "https://registry.yarnpkg.com/react-spring/-/react-spring-9.6.0.tgz#a47fc9ca9d696256b1b7447364ca406dca3bcf20"
  integrity sha512-BJJBhGPkNNoj83i6+7z7BDDuB3Q25j0w3WCCKlSqgLQafcjx+Se2ogxKM05m+JjjeML5DTDTbsw0UD0GbAzW4g==
  dependencies:
    "@react-spring/core" "~9.6.0"
    "@react-spring/konva" "~9.6.0"
    "@react-spring/native" "~9.6.0"
    "@react-spring/three" "~9.6.0"
    "@react-spring/web" "~9.6.0"
    "@react-spring/zdog" "~9.6.0"

react-toggle-dark-mode@^1.1.1:
  version "1.1.1"
  resolved "https://registry.yarnpkg.com/react-toggle-dark-mode/-/react-toggle-dark-mode-1.1.1.tgz#ca738d4c7cd613f5091fe08e5c174d091ef5d2f3"
  integrity sha512-25dH8tvQucpW9c024WQ6gXLxJ6Irc5iTFgAIKuwCUUfbbahyVd1OKEq5TqExzoPHoORIXlQKYXV/+fuyclr6FQ==
  dependencies:
    react-spring "^9.0.0-rc.3"
